
Microsoft Visual Studio Solution File, Format Version 12.00
# Visual Studio 15
VisualStudioVersion = 15.0.28307.106
MinimumVisualStudioVersion = 10.0.40219.1
Project("{8BC9CEB8-8B4A-11D0-8D11-00A0C91BC942}") = "ModulusChecker", "ModulusChecker.vcxproj", "{1749FBB5-6759-4C39-8151-D8E5ED659D2F}"
EndProject
Global
	GlobalSection(SolutionConfigurationPlatforms) = preSolution
		Debug|x64 = Debug|x64
		Debug|x86 = Debug|x86
		Release|x64 = Release|x64
		Release|x86 = Release|x86
	EndGlobalSection
	GlobalSection(ProjectConfigurationPlatforms) = postSolution
		{1749FBB5-6759-4C39-8151-D8E5ED659D2F}.Debug|x64.ActiveCfg = Debug|x64
		{1749FBB5-6759-4C39-8151-D8E5ED659D2F}.Debug|x64.Build.0 = Debug|x64
		{1749FBB5-6759-4C39-8151-D8E5ED659D2F}.Debug|x86.ActiveCfg = Debug|Win32
		{1749FBB5-6759-4C39-8151-D8E5ED659D2F}.Debug|x86.Build.0 = Debug|Win32
		{1749FBB5-6759-4C39-8151-D8E5ED659D2F}.Release|x64.ActiveCfg = Release|x64
		{1749FBB5-6759-4C39-8151-D8E5ED659D2F}.Release|x64.Build.0 = Release|x64
		{1749FBB5-6759-4C39-8151-D8E5ED659D2F}.Release|x86.ActiveCfg = Release|Win32
		{1749FBB5-6759-4C39-8151-D8E5ED659D2F}.Release|x86.Build.0 = Release|Win32
	EndGlobalSection
	GlobalSection(SolutionProperties) = preSolution
		HideSolutionNode = FALSE
	EndGlobalSection
	GlobalSection(ExtensibilityGlobals) = postSolution
		SolutionGuid = {16EA0B7F-1385-4166-977D-1C90043D1F8C}
	EndGlobalSection
EndGlobal
